Microsoft Visual Studio Solution File, Format Version 12.00
# Visual Studio Version 17
VisualStudioVersion = 17.0.31903.59
MinimumVisualStudioVersion = 10.0.40219.1
Project("{FAE04EC0-301F-11D3-BF4B-00C04F79EFBC}") = "AMID", "AMID\AMID.csproj", "{8B50F4F7-3B22-4C3E-A06E-7713ABF17146}"
EndProject
Project("{FAE04EC0-301F-11D3-BF4B-00C04F79EFBC}") = "AMID.Setup", "AMID.Setup\AMID.Setup.csproj", "{1D17187E-1285-4378-9222-07EE604E7D88}"
EndProject
Global
	GlobalSection(SolutionConfigurationPlatforms) = preSolution
		Debug|Any CPU = Debug|Any CPU
		Release|Any CPU = Release|Any CPU
	EndGlobalSection
	GlobalSection(ProjectConfigurationPlatforms) = postSolution
		{8B50F4F7-3B22-4C3E-A06E-7713ABF17146}.Debug|Any CPU.ActiveCfg = Debug|Any CPU
		{8B50F4F7-3B22-4C3E-A06E-7713ABF17146}.Debug|Any CPU.Build.0 = Debug|Any CPU
		{8B50F4F7-3B22-4C3E-A06E-7713ABF17146}.Release|Any CPU.ActiveCfg = Release|Any CPU
		{8B50F4F7-3B22-4C3E-A06E-7713ABF17146}.Release|Any CPU.Build.0 = Release|Any CPU
		{1D17187E-1285-4378-9222-07EE604E7D88}.Debug|Any CPU.ActiveCfg = Debug|Any CPU
		{1D17187E-1285-4378-9222-07EE604E7D88}.Debug|Any CPU.Build.0 = Debug|Any CPU
		{1D17187E-1285-4378-9222-07EE604E7D88}.Release|Any CPU.ActiveCfg = Release|Any CPU
		{1D17187E-1285-4378-9222-07EE604E7D88}.Release|Any CPU.Build.0 = Release|Any CPU
	EndGlobalSection
	GlobalSection(SolutionProperties) = preSolution
		HideSolutionNode = FALSE
	EndGlobalSection
EndGlobal
